
Microsoft Visual Studio Solution File, Format Version 12.00
# Visual Studio Version 16
VisualStudioVersion = 16.0.31702.278
MinimumVisualStudioVersion = 10.0.40219.1
Project("{FAE04EC0-301F-11D3-BF4B-00C04F79EFBC}") = "PatientManagement", "PatientManagement\PatientManagement.csproj", "{532B6223-4351-4652-B72F-9EDD8A028235}"
EndProject
Global
	GlobalSection(SolutionConfigurationPlatforms) = preSolution
		Debug|Any CPU = Debug|Any CPU
		Release|Any CPU = Release|Any CPU
	EndGlobalSection
	GlobalSection(ProjectConfigurationPlatforms) = postSolution
		{532B6223-4351-4652-B72F-9EDD8A028235}.Debug|Any CPU.ActiveCfg = Debug|Any CPU
		{532B6223-4351-4652-B72F-9EDD8A028235}.Debug|Any CPU.Build.0 = Debug|Any CPU
		{532B6223-4351-4652-B72F-9EDD8A028235}.Release|Any CPU.ActiveCfg = Release|Any CPU
		{532B6223-4351-4652-B72F-9EDD8A028235}.Release|Any CPU.Build.0 = Release|Any CPU
	EndGlobalSection
	GlobalSection(SolutionProperties) = preSolution
		HideSolutionNode = FALSE
	EndGlobalSection
	GlobalSection(ExtensibilityGlobals) = postSolution
		SolutionGuid = {9EF469F4-5B58-4EA6-94A1-CB9B3434FB2F}
	EndGlobalSection
EndGlobal
